{
  "name": "challenge-4-node",
  "version": "1.0.0",
  "lockfileVersion": 2,
  "requires": true,
  "packages": {
    "": {
      "name": "challenge-4-node",
      "version": "1.0.0",
      "license": "ISC",
      "dependencies": {
        "str-encode": "^1.0.5",
        "to-hex": "^0.0.18",
        "xor-crypt": "^1.1.1"
      }
    },
    "node_modules/bignumber.js": {
      "version": "9.0.0",
      "resolved": "https://registry.npmjs.org/bignumber.js/-/bignumber.js-9.0.0.tgz",
      "integrity": "sha512-t/OYhhJ2SD+YGBQcjY8GzzDHEk9f3nerxjtfa6tlMXfe7frs/WozhvCNoGvpM0P3bNf3Gq5ZRMlGr5f3r4/N8A==",
      "engines": {
        "node": "*"
      }
    },
    "node_modules/bn.js": {
      "version": "4.12.0",
      "resolved": "https://registry.npmjs.org/bn.js/-/bn.js-4.12.0.tgz",
      "integrity": "sha512-c98Bf3tPniI+scsdk237ku1Dc3ujXQTSgyiPUDEOe7tRkhrqridvh8klBv0HCEso1OLOYcHuCv/cS6DNxKH+ZA=="
    },
    "node_modules/normalize-hex": {
      "version": "0.0.2",
      "resolved": "https://registry.npmjs.org/normalize-hex/-/normalize-hex-0.0.2.tgz",
      "integrity": "sha512-E2dx7XJQnjsm6SkS4G6GGvIXRHaLeWAZE2D2N3aia+OpIif2UT8y4S0KCjrX3WmFDSeFnlNOp0FSHFjLeJ4SJw==",
      "dependencies": {
        "bn.js": "^4.11.8"
      }
    },
    "node_modules/str-encode": {
      "version": "1.0.5",
      "resolved": "https://registry.npmjs.org/str-encode/-/str-encode-1.0.5.tgz",
      "integrity": "sha512-8QNWJGYAwTZzfr0IBkGPGOZHcyIF4YPg2ysnxC4DdS5px9/n6v1jDrC3J3GLlHSZQYUi6jhsSTKuWvPg+0PLlA=="
    },
    "node_modules/to-hex": {
      "version": "0.0.18",
      "resolved": "https://registry.npmjs.org/to-hex/-/to-hex-0.0.18.tgz",
      "integrity": "sha512-twjjF944fl3eUQBpO7bETUhUyCtUFHWJkSLq9+K/Aw+yh3l/xIYaNUmybRqmxsYoZyv9au4aikDiWoJEOMKBDQ==",
      "dependencies": {
        "bignumber.js": "9.0.0",
        "normalize-hex": "0.0.2"
      }
    },
    "node_modules/xor-crypt": {
      "version": "1.1.1",
      "resolved": "https://registry.npmjs.org/xor-crypt/-/xor-crypt-1.1.1.tgz",
      "integrity": "sha512-HGNEC7w2oifVKOtFRKx0i7g+KIKjR9bx+15TYDeIw/+oSlI/yDq0LH6wicr93hecplCZOodutsmXfqqT/xtJyA==",
      "engines": {
        "node": ">=4"
      }
    }
  },
  "dependencies": {
    "bignumber.js": {
      "version": "9.0.0",
      "resolved": "https://registry.npmjs.org/bignumber.js/-/bignumber.js-9.0.0.tgz",
      "integrity": "sha512-t/OYhhJ2SD+YGBQcjY8GzzDHEk9f3nerxjtfa6tlMXfe7frs/WozhvCNoGvpM0P3bNf3Gq5ZRMlGr5f3r4/N8A=="
    },
    "bn.js": {
      "version": "4.12.0",
      "resolved": "https://registry.npmjs.org/bn.js/-/bn.js-4.12.0.tgz",
      "integrity": "sha512-c98Bf3tPniI+scsdk237ku1Dc3ujXQTSgyiPUDEOe7tRkhrqridvh8klBv0HCEso1OLOYcHuCv/cS6DNxKH+ZA=="
    },
    "normalize-hex": {
      "version": "0.0.2",
      "resolved": "https://registry.npmjs.org/normalize-hex/-/normalize-hex-0.0.2.tgz",
      "integrity": "sha512-E2dx7XJQnjsm6SkS4G6GGvIXRHaLeWAZE2D2N3aia+OpIif2UT8y4S0KCjrX3WmFDSeFnlNOp0FSHFjLeJ4SJw==",
      "requires": {
        "bn.js": "^4.11.8"
      }
    },
    "str-encode": {
      "version": "1.0.5",
      "resolved": "https://registry.npmjs.org/str-encode/-/str-encode-1.0.5.tgz",
      "integrity": "sha512-8QNWJGYAwTZzfr0IBkGPGOZHcyIF4YPg2ysnxC4DdS5px9/n6v1jDrC3J3GLlHSZQYUi6jhsSTKuWvPg+0PLlA=="
    },
    "to-hex": {
      "version": "0.0.18",
      "resolved": "https://registry.npmjs.org/to-hex/-/to-hex-0.0.18.tgz",
      "integrity": "sha512-twjjF944fl3eUQBpO7bETUhUyCtUFHWJkSLq9+K/Aw+yh3l/xIYaNUmybRqmxsYoZyv9au4aikDiWoJEOMKBDQ==",
      "requires": {
        "bignumber.js": "9.0.0",
        "normalize-hex": "0.0.2"
      }
    },
    "xor-crypt": {
      "version": "1.1.1",
      "resolved": "https://registry.npmjs.org/xor-crypt/-/xor-crypt-1.1.1.tgz",
      "integrity": "sha512-HGNEC7w2oifVKOtFRKx0i7g+KIKjR9bx+15TYDeIw/+oSlI/yDq0LH6wicr93hecplCZOodutsmXfqqT/xtJyA=="
    }
  }
}
